
Microsoft Visual Studio Solution File, Format Version 12.00
# Visual Studio Version 17
VisualStudioVersion = 17.4.33205.214
MinimumVisualStudioVersion = 10.0.40219.1
Project("{FAE04EC0-301F-11D3-BF4B-00C04F79EFBC}") = "WebApplication1", "WebApplication1\WebApplication1.csproj", "{97E5C2E8-89F6-4B53-83E5-A3DA2FD95A5D}"
EndProject
Global
	GlobalSection(SolutionConfigurationPlatforms) = preSolution
		Debug|Any CPU = Debug|Any CPU
		Release|Any CPU = Release|Any CPU
	EndGlobalSection
	GlobalSection(ProjectConfigurationPlatforms) = postSolution
		{97E5C2E8-89F6-4B53-83E5-A3DA2FD95A5D}.Debug|Any CPU.ActiveCfg = Debug|Any CPU
		{97E5C2E8-89F6-4B53-83E5-A3DA2FD95A5D}.Debug|Any CPU.Build.0 = Debug|Any CPU
		{97E5C2E8-89F6-4B53-83E5-A3DA2FD95A5D}.Release|Any CPU.ActiveCfg = Release|Any CPU
		{97E5C2E8-89F6-4B53-83E5-A3DA2FD95A5D}.Release|Any CPU.Build.0 = Release|Any CPU
	EndGlobalSection
	GlobalSection(SolutionProperties) = preSolution
		HideSolutionNode = FALSE
	EndGlobalSection
	GlobalSection(ExtensibilityGlobals) = postSolution
		SolutionGuid = {C156A667-E7FD-49BB-A542-AD2CA1D3B7AD}
	EndGlobalSection
EndGlobal
